
Microsoft Visual Studio Solution File, Format Version 12.00
# Visual Studio Version 16
VisualStudioVersion = 16.0.31911.196
MinimumVisualStudioVersion = 10.0.40219.1
Project("{FAE04EC0-301F-11D3-BF4B-00C04F79EFBC}") = "xadrez-console", "xadrez-console.csproj", "{0A02798C-D668-43C1-9354-4E6A0DF76F8A}"
EndProject
Global
	GlobalSection(SolutionConfigurationPlatforms) = preSolution
		Debug|Any CPU = Debug|Any CPU
		Release|Any CPU = Release|Any CPU
	EndGlobalSection
	GlobalSection(ProjectConfigurationPlatforms) = postSolution
		{0A02798C-D668-43C1-9354-4E6A0DF76F8A}.Debug|Any CPU.ActiveCfg = Debug|Any CPU
		{0A02798C-D668-43C1-9354-4E6A0DF76F8A}.Debug|Any CPU.Build.0 = Debug|Any CPU
		{0A02798C-D668-43C1-9354-4E6A0DF76F8A}.Release|Any CPU.ActiveCfg = Release|Any CPU
		{0A02798C-D668-43C1-9354-4E6A0DF76F8A}.Release|Any CPU.Build.0 = Release|Any CPU
	EndGlobalSection
	GlobalSection(SolutionProperties) = preSolution
		HideSolutionNode = FALSE
	EndGlobalSection
	GlobalSection(ExtensibilityGlobals) = postSolution
		SolutionGuid = {7852488F-7462-4245-BF44-A4CF6EDBAB0C}
	EndGlobalSection
EndGlobal
